
Microsoft Visual Studio Solution File, Format Version 12.00
# Visual Studio Version 16
VisualStudioVersion = 16.0.30517.126
MinimumVisualStudioVersion = 10.0.40219.1
Project("{FAE04EC0-301F-11D3-BF4B-00C04F79EFBC}") = "ChessClock.UWP", "ChessClock\ChessClock.UWP\ChessClock.UWP.csproj", "{BCB8D4EC-9031-497F-A1EE-5D798FD3A67A}"
EndProject
Project("{FAE04EC0-301F-11D3-BF4B-00C04F79EFBC}") = "ChessClock.Android", "ChessClock\ChessClock.Android\ChessClock.Android.csproj", "{ED430FA5-A9E5-4081-8B0E-F0B868BB4FF1}"
EndProject
Project("{FAE04EC0-301F-11D3-BF4B-00C04F79EFBC}") = "ChessClock.iOS", "ChessClock\ChessClock.iOS\ChessClock.iOS.csproj", "{3EF89DBD-0F15-422B-A767-7AC8588A7CFE}"
EndProject
Project("{FAE04EC0-301F-11D3-BF4B-00C04F79EFBC}") = "ChessClock", "ChessClock\ChessClock\ChessClock.csproj", "{C24215B4-3436-4A58-B275-CBD7814874E4}"
EndProject
Global
	GlobalSection(SolutionConfigurationPlatforms) = preSolution
		Debug|Any CPU = Debug|Any CPU
		Debug|ARM = Debug|ARM
		Debug|iPhone = Debug|iPhone
		Debug|iPhoneSimulator = Debug|iPhoneSimulator
		Debug|x64 = Debug|x64
		Debug|x86 = Debug|x86
		Release|Any CPU = Release|Any CPU
		Release|ARM = Release|ARM
		Release|iPhone = Release|iPhone
		Release|iPhoneSimulator = Release|iPhoneSimulator
		Release|x64 = Release|x64
		Release|x86 = Release|x86
	EndGlobalSection
	GlobalSection(ProjectConfigurationPlatforms) = postSolution
		{BCB8D4EC-9031-497F-A1EE-5D798FD3A67A}.Debug|Any CPU.ActiveCfg = Debug|x86
		{BCB8D4EC-9031-497F-A1EE-5D798FD3A67A}.Debug|Any CPU.Build.0 = Debug|x86
		{BCB8D4EC-9031-497F-A1EE-5D798FD3A67A}.Debug|Any CPU.Deploy.0 = Debug|x86
		{BCB8D4EC-9031-497F-A1EE-5D798FD3A67A}.Debug|ARM.ActiveCfg = Debug|ARM
		{BCB8D4EC-9031-497F-A1EE-5D798FD3A67A}.Debug|ARM.Build.0 = Debug|ARM
		{BCB8D4EC-9031-497F-A1EE-5D798FD3A67A}.Debug|ARM.Deploy.0 = Debug|ARM
		{BCB8D4EC-9031-497F-A1EE-5D798FD3A67A}.Debug|iPhone.ActiveCfg = Debug|x86
		{BCB8D4EC-9031-497F-A1EE-5D798FD3A67A}.Debug|iPhone.Build.0 = Debug|x86
		{BCB8D4EC-9031-497F-A1EE-5D798FD3A67A}.Debug|iPhone.Deploy.0 = Debug|x86
		{BCB8D4EC-9031-497F-A1EE-5D798FD3A67A}.Debug|iPhoneSimulator.ActiveCfg = Debug|x86
		{BCB8D4EC-9031-497F-A1EE-5D798FD3A67A}.Debug|iPhoneSimulator.Build.0 = Debug|x86
		{BCB8D4EC-9031-497F-A1EE-5D798FD3A67A}.Debug|iPhoneSimulator.Deploy.0 = Debug|x86
		{BCB8D4EC-9031-497F-A1EE-5D798FD3A67A}.Debug|x64.ActiveCfg = Debug|x64
		{BCB8D4EC-9031-497F-A1EE-5D798FD3A67A}.Debug|x64.Build.0 = Debug|x64
		{BCB8D4EC-9031-497F-A1EE-5D798FD3A67A}.Debug|x64.Deploy.0 = Debug|x64
		{BCB8D4EC-9031-497F-A1EE-5D798FD3A67A}.Debug|x86.ActiveCfg = Debug|x86
		{BCB8D4EC-9031-497F-A1EE-5D798FD3A67A}.Debug|x86.Build.0 = Debug|x86
		{BCB8D4EC-9031-497F-A1EE-5D798FD3A67A}.Debug|x86.Deploy.0 = Debug|x86
		{BCB8D4EC-9031-497F-A1EE-5D798FD3A67A}.Release|Any CPU.ActiveCfg = Release|x86
		{BCB8D4EC-9031-497F-A1EE-5D798FD3A67A}.Release|Any CPU.Build.0 = Release|x86
		{BCB8D4EC-9031-497F-A1EE-5D798FD3A67A}.Release|Any CPU.Deploy.0 = Release|x86
		{BCB8D4EC-9031-497F-A1EE-5D798FD3A67A}.Release|ARM.ActiveCfg = Release|ARM
		{BCB8D4EC-9031-497F-A1EE-5D798FD3A67A}.Release|ARM.Build.0 = Release|ARM
		{BCB8D4EC-9031-497F-A1EE-5D798FD3A67A}.Release|ARM.Deploy.0 = Release|ARM
		{BCB8D4EC-9031-497F-A1EE-5D798FD3A67A}.Release|iPhone.ActiveCfg = Release|x86
		{BCB8D4EC-9031-497F-A1EE-5D798FD3A67A}.Release|iPhone.Build.0 = Release|x86
		{BCB8D4EC-9031-497F-A1EE-5D798FD3A67A}.Release|iPhone.Deploy.0 = Release|x86
		{BCB8D4EC-9031-497F-A1EE-5D798FD3A67A}.Release|iPhoneSimulator.ActiveCfg = Release|x86
		{BCB8D4EC-9031-497F-A1EE-5D798FD3A67A}.Release|iPhoneSimulator.Build.0 = Release|x86
		{BCB8D4EC-9031-497F-A1EE-5D798FD3A67A}.Release|iPhoneSimulator.Deploy.0 = Release|x86
		{BCB8D4EC-9031-497F-A1EE-5D798FD3A67A}.Release|x64.ActiveCfg = Release|x64
		{BCB8D4EC-9031-497F-A1EE-5D798FD3A67A}.Release|x64.Build.0 = Release|x64
		{BCB8D4EC-9031-497F-A1EE-5D798FD3A67A}.Release|x64.Deploy.0 = Release|x64
		{BCB8D4EC-9031-497F-A1EE-5D798FD3A67A}.Release|x86.ActiveCfg = Release|x86
		{BCB8D4EC-9031-497F-A1EE-5D798FD3A67A}.Release|x86.Build.0 = Release|x86
		{BCB8D4EC-9031-497F-A1EE-5D798FD3A67A}.Release|x86.Deploy.0 = Release|x86
		{ED430FA5-A9E5-4081-8B0E-F0B868BB4FF1}.Debug|Any CPU.ActiveCfg = Debug|Any CPU
		{ED430FA5-A9E5-4081-8B0E-F0B868BB4FF1}.Debug|Any CPU.Build.0 = Debug|Any CPU
		{ED430FA5-A9E5-4081-8B0E-F0B868BB4FF1}.Debug|Any CPU.Deploy.0 = Debug|Any CPU
		{ED430FA5-A9E5-4081-8B0E-F0B868BB4FF1}.Debug|ARM.ActiveCfg = Debug|Any CPU
		{ED430FA5-A9E5-4081-8B0E-F0B868BB4FF1}.Debug|ARM.Build.0 = Debug|Any CPU
		{ED430FA5-A9E5-4081-8B0E-F0B868BB4FF1}.Debug|ARM.Deploy.0 = Debug|Any CPU
		{ED430FA5-A9E5-4081-8B0E-F0B868BB4FF1}.Debug|iPhone.ActiveCfg = Debug|Any CPU
		{ED430FA5-A9E5-4081-8B0E-F0B868BB4FF1}.Debug|iPhone.Build.0 = Debug|Any CPU
		{ED430FA5-A9E5-4081-8B0E-F0B868BB4FF1}.Debug|iPhone.Deploy.0 = Debug|Any CPU
		{ED430FA5-A9E5-4081-8B0E-F0B868BB4FF1}.Debug|iPhoneSimulator.ActiveCfg = Debug|Any CPU
		{ED430FA5-A9E5-4081-8B0E-F0B868BB4FF1}.Debug|iPhoneSimulator.Build.0 = Debug|Any CPU
		{ED430FA5-A9E5-4081-8B0E-F0B868BB4FF1}.Debug|iPhoneSimulator.Deploy.0 = Debug|Any CPU
		{ED430FA5-A9E5-4081-8B0E-F0B868BB4FF1}.Debug|x64.ActiveCfg = Debug|Any CPU
		{ED430FA5-A9E5-4081-8B0E-F0B868BB4FF1}.Debug|x64.Build.0 = Debug|Any CPU
		{ED430FA5-A9E5-4081-8B0E-F0B868BB4FF1}.Debug|x64.Deploy.0 = Debug|Any CPU
		{ED430FA5-A9E5-4081-8B0E-F0B868BB4FF1}.Debug|x86.ActiveCfg = Debug|Any CPU
		{ED430FA5-A9E5-4081-8B0E-F0B868BB4FF1}.Debug|x86.Build.0 = Debug|Any CPU
		{ED430FA5-A9E5-4081-8B0E-F0B868BB4FF1}.Debug|x86.Deploy.0 = Debug|Any CPU
		{ED430FA5-A9E5-4081-8B0E-F0B868BB4FF1}.Release|Any CPU.ActiveCfg = Release|Any CPU
		{ED430FA5-A9E5-4081-8B0E-F0B868BB4FF1}.Release|Any CPU.Build.0 = Release|Any CPU
		{ED430FA5-A9E5-4081-8B0E-F0B868BB4FF1}.Release|Any CPU.Deploy.0 = Release|Any CPU
		{ED430FA5-A9E5-4081-8B0E-F0B868BB4FF1}.Release|ARM.ActiveCfg = Release|Any CPU
		{ED430FA5-A9E5-4081-8B0E-F0B868BB4FF1}.Release|ARM.Build.0 = Release|Any CPU
		{ED430FA5-A9E5-4081-8B0E-F0B868BB4FF1}.Release|ARM.Deploy.0 = Release|Any CPU
		{ED430FA5-A9E5-4081-8B0E-F0B868BB4FF1}.Release|iPhone.ActiveCfg = Release|Any CPU
		{ED430FA5-A9E5-4081-8B0E-F0B868BB4FF1}.Release|iPhone.Build.0 = Release|Any CPU
		{ED430FA5-A9E5-4081-8B0E-F0B868BB4FF1}.Release|iPhone.Deploy.0 = Release|Any CPU
		{ED430FA5-A9E5-4081-8B0E-F0B868BB4FF1}.Release|iPhoneSimulator.ActiveCfg = Release|Any CPU
		{ED430FA5-A9E5-4081-8B0E-F0B868BB4FF1}.Release|iPhoneSimulator.Build.0 = Release|Any CPU
		{ED430FA5-A9E5-4081-8B0E-F0B868BB4FF1}.Release|iPhoneSimulator.Deploy.0 = Release|Any CPU
		{ED430FA5-A9E5-4081-8B0E-F0B868BB4FF1}.Release|x64.ActiveCfg = Release|Any CPU
		{ED430FA5-A9E5-4081-8B0E-F0B868BB4FF1}.Release|x64.Build.0 = Release|Any CPU
		{ED430FA5-A9E5-4081-8B0E-F0B868BB4FF1}.Release|x64.Deploy.0 = Release|Any CPU
		{ED430FA5-A9E5-4081-8B0E-F0B868BB4FF1}.Release|x86.ActiveCfg = Release|Any CPU
		{ED430FA5-A9E5-4081-8B0E-F0B868BB4FF1}.Release|x86.Build.0 = Release|Any CPU
		{ED430FA5-A9E5-4081-8B0E-F0B868BB4FF1}.Release|x86.Deploy.0 = Release|Any CPU
		{3EF89DBD-0F15-422B-A767-7AC8588A7CFE}.Debug|Any CPU.ActiveCfg = Debug|iPhoneSimulator
		{3EF89DBD-0F15-422B-A767-7AC8588A7CFE}.Debug|Any CPU.Build.0 = Debug|iPhoneSimulator
		{3EF89DBD-0F15-422B-A767-7AC8588A7CFE}.Debug|Any CPU.Deploy.0 = Debug|iPhoneSimulator
		{3EF89DBD-0F15-422B-A767-7AC8588A7CFE}.Debug|ARM.ActiveCfg = Debug|iPhone
		{3EF89DBD-0F15-422B-A767-7AC8588A7CFE}.Debug|ARM.Build.0 = Debug|iPhone
		{3EF89DBD-0F15-422B-A767-7AC8588A7CFE}.Debug|ARM.Deploy.0 = Debug|iPhone
		{3EF89DBD-0F15-422B-A767-7AC8588A7CFE}.Debug|iPhone.ActiveCfg = Debug|iPhone
		{3EF89DBD-0F15-422B-A767-7AC8588A7CFE}.Debug|iPhone.Build.0 = Debug|iPhone
		{3EF89DBD-0F15-422B-A767-7AC8588A7CFE}.Debug|iPhone.Deploy.0 = Debug|iPhone
		{3EF89DBD-0F15-422B-A767-7AC8588A7CFE}.Debug|iPhoneSimulator.ActiveCfg = Debug|iPhoneSimulator
		{3EF89DBD-0F15-422B-A767-7AC8588A7CFE}.Debug|iPhoneSimulator.Build.0 = Debug|iPhoneSimulator
		{3EF89DBD-0F15-422B-A767-7AC8588A7CFE}.Debug|iPhoneSimulator.Deploy.0 = Debug|iPhoneSimulator
		{3EF89DBD-0F15-422B-A767-7AC8588A7CFE}.Debug|x64.ActiveCfg = Debug|iPhoneSimulator
		{3EF89DBD-0F15-422B-A767-7AC8588A7CFE}.Debug|x64.Build.0 = Debug|iPhoneSimulator
		{3EF89DBD-0F15-422B-A767-7AC8588A7CFE}.Debug|x64.Deploy.0 = Debug|iPhoneSimulator
		{3EF89DBD-0F15-422B-A767-7AC8588A7CFE}.Debug|x86.ActiveCfg = Debug|iPhoneSimulator
		{3EF89DBD-0F15-422B-A767-7AC8588A7CFE}.Debug|x86.Build.0 = Debug|iPhoneSimulator
		{3EF89DBD-0F15-422B-A767-7AC8588A7CFE}.Debug|x86.Deploy.0 = Debug|iPhoneSimulator
		{3EF89DBD-0F15-422B-A767-7AC8588A7CFE}.Release|Any CPU.ActiveCfg = Release|iPhoneSimulator
		{3EF89DBD-0F15-422B-A767-7AC8588A7CFE}.Release|Any CPU.Build.0 = Release|iPhoneSimulator
		{3EF89DBD-0F15-422B-A767-7AC8588A7CFE}.Release|Any CPU.Deploy.0 = Release|iPhoneSimulator
		{3EF89DBD-0F15-422B-A767-7AC8588A7CFE}.Release|ARM.ActiveCfg = Release|iPhoneSimulator
		{3EF89DBD-0F15-422B-A767-7AC8588A7CFE}.Release|ARM.Build.0 = Release|iPhoneSimulator
		{3EF89DBD-0F15-422B-A767-7AC8588A7CFE}.Release|ARM.Deploy.0 = Release|iPhoneSimulator
		{3EF89DBD-0F15-422B-A767-7AC8588A7CFE}.Release|iPhone.ActiveCfg = Release|iPhone
		{3EF89DBD-0F15-422B-A767-7AC8588A7CFE}.Release|iPhone.Build.0 = Release|iPhone
		{3EF89DBD-0F15-422B-A767-7AC8588A7CFE}.Release|iPhone.Deploy.0 = Release|iPhone
		{3EF89DBD-0F15-422B-A767-7AC8588A7CFE}.Release|iPhoneSimulator.ActiveCfg = Release|iPhoneSimulator
		{3EF89DBD-0F15-422B-A767-7AC8588A7CFE}.Release|iPhoneSimulator.Build.0 = Release|iPhoneSimulator
		{3EF89DBD-0F15-422B-A767-7AC8588A7CFE}.Release|iPhoneSimulator.Deploy.0 = Release|iPhoneSimulator
		{3EF89DBD-0F15-422B-A767-7AC8588A7CFE}.Release|x64.ActiveCfg = Release|iPhoneSimulator
		{3EF89DBD-0F15-422B-A767-7AC8588A7CFE}.Release|x64.Build.0 = Release|iPhoneSimulator
		{3EF89DBD-0F15-422B-A767-7AC8588A7CFE}.Release|x64.Deploy.0 = Release|iPhoneSimulator
		{3EF89DBD-0F15-422B-A767-7AC8588A7CFE}.Release|x86.ActiveCfg = Release|iPhoneSimulator
		{3EF89DBD-0F15-422B-A767-7AC8588A7CFE}.Release|x86.Build.0 = Release|iPhoneSimulator
		{3EF89DBD-0F15-422B-A767-7AC8588A7CFE}.Release|x86.Deploy.0 = Release|iPhoneSimulator
		{C24215B4-3436-4A58-B275-CBD7814874E4}.Debug|Any CPU.ActiveCfg = Debug|Any CPU
		{C24215B4-3436-4A58-B275-CBD7814874E4}.Debug|Any CPU.Build.0 = Debug|Any CPU
		{C24215B4-3436-4A58-B275-CBD7814874E4}.Debug|Any CPU.Deploy.0 = Debug|Any CPU
		{C24215B4-3436-4A58-B275-CBD7814874E4}.Debug|ARM.ActiveCfg = Debug|Any CPU
		{C24215B4-3436-4A58-B275-CBD7814874E4}.Debug|ARM.Build.0 = Debug|Any CPU
		{C24215B4-3436-4A58-B275-CBD7814874E4}.Debug|ARM.Deploy.0 = Debug|Any CPU
		{C24215B4-3436-4A58-B275-CBD7814874E4}.Debug|iPhone.ActiveCfg = Debug|Any CPU
		{C24215B4-3436-4A58-B275-CBD7814874E4}.Debug|iPhone.Build.0 = Debug|Any CPU
		{C24215B4-3436-4A58-B275-CBD7814874E4}.Debug|iPhone.Deploy.0 = Debug|Any CPU
		{C24215B4-3436-4A58-B275-CBD7814874E4}.Debug|iPhoneSimulator.ActiveCfg = Debug|Any CPU
		{C24215B4-3436-4A58-B275-CBD7814874E4}.Debug|iPhoneSimulator.Build.0 = Debug|Any CPU
		{C24215B4-3436-4A58-B275-CBD7814874E4}.Debug|iPhoneSimulator.Deploy.0 = Debug|Any CPU
		{C24215B4-3436-4A58-B275-CBD7814874E4}.Debug|x64.ActiveCfg = Debug|Any CPU
		{C24215B4-3436-4A58-B275-CBD7814874E4}.Debug|x64.Build.0 = Debug|Any CPU
		{C24215B4-3436-4A58-B275-CBD7814874E4}.Debug|x64.Deploy.0 = Debug|Any CPU
		{C24215B4-3436-4A58-B275-CBD7814874E4}.Debug|x86.ActiveCfg = Debug|Any CPU
		{C24215B4-3436-4A58-B275-CBD7814874E4}.Debug|x86.Build.0 = Debug|Any CPU
		{C24215B4-3436-4A58-B275-CBD7814874E4}.Debug|x86.Deploy.0 = Debug|Any CPU
		{C24215B4-3436-4A58-B275-CBD7814874E4}.Release|Any CPU.ActiveCfg = Release|Any CPU
		{C24215B4-3436-4A58-B275-CBD7814874E4}.Release|Any CPU.Build.0 = Release|Any CPU
		{C24215B4-3436-4A58-B275-CBD7814874E4}.Release|Any CPU.Deploy.0 = Release|Any CPU
		{C24215B4-3436-4A58-B275-CBD7814874E4}.Release|ARM.ActiveCfg = Release|Any CPU
		{C24215B4-3436-4A58-B275-CBD7814874E4}.Release|ARM.Build.0 = Release|Any CPU
		{C24215B4-3436-4A58-B275-CBD7814874E4}.Release|ARM.Deploy.0 = Release|Any CPU
		{C24215B4-3436-4A58-B275-CBD7814874E4}.Release|iPhone.ActiveCfg = Release|Any CPU
		{C24215B4-3436-4A58-B275-CBD7814874E4}.Release|iPhone.Build.0 = Release|Any CPU
		{C24215B4-3436-4A58-B275-CBD7814874E4}.Release|iPhone.Deploy.0 = Release|Any CPU
		{C24215B4-3436-4A58-B275-CBD7814874E4}.Release|iPhoneSimulator.ActiveCfg = Release|Any CPU
		{C24215B4-3436-4A58-B275-CBD7814874E4}.Release|iPhoneSimulator.Build.0 = Release|Any CPU
		{C24215B4-3436-4A58-B275-CBD7814874E4}.Release|iPhoneSimulator.Deploy.0 = Release|Any CPU
		{C24215B4-3436-4A58-B275-CBD7814874E4}.Release|x64.ActiveCfg = Release|Any CPU
		{C24215B4-3436-4A58-B275-CBD7814874E4}.Release|x64.Build.0 = Release|Any CPU
		{C24215B4-3436-4A58-B275-CBD7814874E4}.Release|x64.Deploy.0 = Release|Any CPU
		{C24215B4-3436-4A58-B275-CBD7814874E4}.Release|x86.ActiveCfg = Release|Any CPU
		{C24215B4-3436-4A58-B275-CBD7814874E4}.Release|x86.Build.0 = Release|Any CPU
		{C24215B4-3436-4A58-B275-CBD7814874E4}.Release|x86.Deploy.0 = Release|Any CPU
	EndGlobalSection
	GlobalSection(SolutionProperties) = preSolution
		HideSolutionNode = FALSE
	EndGlobalSection
	GlobalSection(ExtensibilityGlobals) = postSolution
		SolutionGuid = {B66CB7D0-C4E0-4AF7-BD72-2830A68BE537}
	EndGlobalSection
EndGlobal
